{
  "version": "4",
  "specifiers": {
    "jsr:@std/assert@1": "1.0.13",
    "jsr:@std/internal@^1.0.6": "1.0.6",
    "npm:@atproto/api@~0.15.5": "0.15.5",
    "npm:@skyware/bot@~0.3.11": "0.3.11_@atcute+client@2.0.9_@atcute+bluesky@1.0.15__@atcute+client@2.0.9",
    "npm:cron@^4.3.0": "4.3.0",
    "npm:dotenv@^16.5.0": "16.5.0",
    "npm:sharp@~0.34.1": "0.34.1"
  },
  "jsr": {
    "@std/assert@1.0.13": {
      "integrity": "ae0d31e41919b12c656c742b22522c32fb26ed0cba32975cb0de2a273cb68b29",
      "dependencies": [
        "jsr:@std/internal"
      ]
    },
    "@std/internal@1.0.6": {
      "integrity": "9533b128f230f73bd209408bb07a4b12f8d4255ab2a4d22a1fd6d87304aca9a4"
    }
  },
  "npm": {
    "@atcute/bluesky-richtext-builder@1.0.2_@atcute+bluesky@1.0.15__@atcute+client@2.0.9_@atcute+client@2.0.9": {
      "integrity": "sha512-sa+9B5Ygb1GcWeMpav9RVBRdFLL5snZEoFFF2RkTaNr61m/cLd5lk97QJs+t9LXUEl5cfHS3jXujywFrGXZj9w==",
      "dependencies": [
        "@atcute/bluesky",
        "@atcute/client"
      ]
    },
    "@atcute/bluesky@1.0.15_@atcute+client@2.0.9": {
      "integrity": "sha512-+EFiybmKQ97aBAgtaD+cKRJER5AMn3cZMkEwEg/pDdWyzxYJ9m1UgemmLdTgI8VrxPufKqdXS2nl7uO7TY6BPA==",
      "dependencies": [
        "@atcute/client"
      ]
    },
    "@atcute/car@1.1.1": {
      "integrity": "sha512-j6HY//ttIFCbOioDlEowKn2WOGeNavJenZkAP+wWIhsbRlK+V4+TpnJ38IX/VYfMpQHrKweh3W94wRCYp6L5Zg==",
      "dependencies": [
        "@atcute/cbor",
        "@atcute/cid",
        "@atcute/varint"
      ]
    },
    "@atcute/cbor@1.0.7": {
      "integrity": "sha512-z3chucgCqjAN36ySvUVl1VSwtGME4CDS173eaaEfiTSpRIQ6ewKpKlkzapLUNqtLU9iBx884b9c2j6kjEyn1XA==",
      "dependencies": [
        "@atcute/cid",
        "@atcute/multibase"
      ]
    },
    "@atcute/cid@1.0.3": {
      "integrity": "sha512-BZbs+Xt0yMci0I2dLqqYsN76ua8lkMk/HQfEIKr7g2XMBlSc0XNCXfZdbAWPwiCK/NuGaPBocYMRwApd4dF2Qg==",
      "dependencies": [
        "@atcute/multibase",
        "@atcute/varint"
      ]
    },
    "@atcute/client@2.0.9": {
      "integrity": "sha512-QNDm9gMP6x9LY77ArwY+urQOBtQW74/onEAz42c40JxRm6Rl9K9cU4ROvNKJ+5cpVmEm1sthEWVRmDr5CSZENA=="
    },
    "@atcute/multibase@1.1.3": {
      "integrity": "sha512-vQQO0tDuQPguBvHdgV3ryn7R8U6beQ50KA/juYm+dCeT/3hOK2stMbX+IaW8JEuwkT5lJsU8wDIOicQT4mB7Ag==",
      "dependencies": [
        "@atcute/uint8array"
      ]
    },
    "@atcute/ozone@1.0.12_@atcute+bluesky@1.0.15__@atcute+client@2.0.9_@atcute+client@2.0.9": {
      "integrity": "sha512-eogx/FCF6X3WTwAPxgG8RcrziuOUcJvMu+qHodeVcLSQ7QJvw2H/Q5V0HpnZegUOY5aRGKb5RvLk2SeZq3LCeA==",
      "dependencies": [
        "@atcute/bluesky",
        "@atcute/client"
      ]
    },
    "@atcute/uint8array@1.0.1": {
      "integrity": "sha512-AAnlFKyfDRgb9GNZJbhQ6OuMhbmNPirQyapb8KnmcEhxQZ3+tt+4NcwqekEegY4MpNqSTYeeTdyxq0wGZv1JHg=="
    },
    "@atcute/varint@1.0.2": {
      "integrity": "sha512-0O31hePzzr4O3NGWHUKKOyta6CGSL+AtN8iir8grGxu9jXyI7DBARlw6PbgKA6uTAvsXdpmRmF8MX+p0TsLnNg=="
    },
    "@atproto/api@0.15.5": {
      "integrity": "sha512-GiKOrjSXMm8OSpc+pfjFTBYQGX62jmorECkTx2VZbS6KtFKFY0cRQAI+JnQoOLF/8TvzpaAZB7+it73uIqDM7A==",
      "dependencies": [
        "@atproto/common-web",
        "@atproto/lexicon",
        "@atproto/syntax",
        "@atproto/xrpc",
        "await-lock",
        "multiformats",
        "tlds",
        "zod"
      ]
    },
    "@atproto/common-web@0.4.1": {
      "integrity": "sha512-Ghh+djHYMAUCktLKwr2IuGgtjcwSWGudp+K7+N7KBA9pDDloOXUEY8Agjc5SHSo9B1QIEFkegClU5n+apn2e0w==",
      "dependencies": [
        "graphemer",
        "multiformats",
        "uint8arrays",
        "zod"
      ]
    },
    "@atproto/lexicon@0.4.10": {
      "integrity": "sha512-uDbP20vetBgtXPuxoyRcvOGBt2gNe1dFc9yYKcb6jWmXfseHiGTnIlORJOLBXIT2Pz15Eap4fLxAu6zFAykD5A==",
      "dependencies": [
        "@atproto/common-web",
        "@atproto/syntax",
        "iso-datestring-validator",
        "multiformats",
        "zod"
      ]
    },
    "@atproto/syntax@0.4.0": {
      "integrity": "sha512-b9y5ceHS8YKOfP3mdKmwAx5yVj9294UN7FG2XzP6V5aKUdFazEYRnR9m5n5ZQFKa3GNvz7de9guZCJ/sUTcOAA=="
    },
    "@atproto/xrpc@0.6.12": {
      "integrity": "sha512-Ut3iISNLujlmY9Gu8sNU+SPDJDvqlVzWddU8qUr0Yae5oD4SguaUFjjhireMGhQ3M5E0KljQgDbTmnBo1kIZ3w==",
      "dependencies": [
        "@atproto/lexicon",
        "zod"
      ]
    },
    "@emnapi/runtime@1.4.3": {
      "integrity": "sha512-pBPWdu6MLKROBX05wSNKcNb++m5Er+KQ9QkB+WVM+pW2Kx9hoSrVTnu3BdkI5eBLZoKu/J6mW/B6i6bJB2ytXQ==",
      "dependencies": [
        "tslib"
      ]
    },
    "@img/sharp-darwin-arm64@0.34.1": {
      "integrity": "sha512-pn44xgBtgpEbZsu+lWf2KNb6OAf70X68k+yk69Ic2Xz11zHR/w24/U49XT7AeRwJ0Px+mhALhU5LPci1Aymk7A==",
      "dependencies": [
        "@img/sharp-libvips-darwin-arm64"
      ]
    },
    "@img/sharp-darwin-x64@0.34.1": {
      "integrity": "sha512-VfuYgG2r8BpYiOUN+BfYeFo69nP/MIwAtSJ7/Zpxc5QF3KS22z8Pvg3FkrSFJBPNQ7mmcUcYQFBmEQp7eu1F8Q==",
      "dependencies": [
        "@img/sharp-libvips-darwin-x64"
      ]
    },
    "@img/sharp-libvips-darwin-arm64@1.1.0": {
      "integrity": "sha512-HZ/JUmPwrJSoM4DIQPv/BfNh9yrOA8tlBbqbLz4JZ5uew2+o22Ik+tHQJcih7QJuSa0zo5coHTfD5J8inqj9DA=="
    },
    "@img/sharp-libvips-darwin-x64@1.1.0": {
      "integrity": "sha512-Xzc2ToEmHN+hfvsl9wja0RlnXEgpKNmftriQp6XzY/RaSfwD9th+MSh0WQKzUreLKKINb3afirxW7A0fz2YWuQ=="
    },
    "@img/sharp-libvips-linux-arm64@1.1.0": {
      "integrity": "sha512-IVfGJa7gjChDET1dK9SekxFFdflarnUB8PwW8aGwEoF3oAsSDuNUTYS+SKDOyOJxQyDC1aPFMuRYLoDInyV9Ew=="
    },
    "@img/sharp-libvips-linux-arm@1.1.0": {
      "integrity": "sha512-s8BAd0lwUIvYCJyRdFqvsj+BJIpDBSxs6ivrOPm/R7piTs5UIwY5OjXrP2bqXC9/moGsyRa37eYWYCOGVXxVrA=="
    },
    "@img/sharp-libvips-linux-ppc64@1.1.0": {
      "integrity": "sha512-tiXxFZFbhnkWE2LA8oQj7KYR+bWBkiV2nilRldT7bqoEZ4HiDOcePr9wVDAZPi/Id5fT1oY9iGnDq20cwUz8lQ=="
    },
    "@img/sharp-libvips-linux-s390x@1.1.0": {
      "integrity": "sha512-xukSwvhguw7COyzvmjydRb3x/09+21HykyapcZchiCUkTThEQEOMtBj9UhkaBRLuBrgLFzQ2wbxdeCCJW/jgJA=="
    },
    "@img/sharp-libvips-linux-x64@1.1.0": {
      "integrity": "sha512-yRj2+reB8iMg9W5sULM3S74jVS7zqSzHG3Ol/twnAAkAhnGQnpjj6e4ayUz7V+FpKypwgs82xbRdYtchTTUB+Q=="
    },
    "@img/sharp-libvips-linuxmusl-arm64@1.1.0": {
      "integrity": "sha512-jYZdG+whg0MDK+q2COKbYidaqW/WTz0cc1E+tMAusiDygrM4ypmSCjOJPmFTvHHJ8j/6cAGyeDWZOsK06tP33w=="
    },
    "@img/sharp-libvips-linuxmusl-x64@1.1.0": {
      "integrity": "sha512-wK7SBdwrAiycjXdkPnGCPLjYb9lD4l6Ze2gSdAGVZrEL05AOUJESWU2lhlC+Ffn5/G+VKuSm6zzbQSzFX/P65A=="
    },
    "@img/sharp-linux-arm64@0.34.1": {
      "integrity": "sha512-kX2c+vbvaXC6vly1RDf/IWNXxrlxLNpBVWkdpRq5Ka7OOKj6nr66etKy2IENf6FtOgklkg9ZdGpEu9kwdlcwOQ==",
      "dependencies": [
        "@img/sharp-libvips-linux-arm64"
      ]
    },
    "@img/sharp-linux-arm@0.34.1": {
      "integrity": "sha512-anKiszvACti2sGy9CirTlNyk7BjjZPiML1jt2ZkTdcvpLU1YH6CXwRAZCA2UmRXnhiIftXQ7+Oh62Ji25W72jA==",
      "dependencies": [
        "@img/sharp-libvips-linux-arm"
      ]
    },
    "@img/sharp-linux-s390x@0.34.1": {
      "integrity": "sha512-7s0KX2tI9mZI2buRipKIw2X1ufdTeaRgwmRabt5bi9chYfhur+/C1OXg3TKg/eag1W+6CCWLVmSauV1owmRPxA==",
      "dependencies": [
        "@img/sharp-libvips-linux-s390x"
      ]
    },
    "@img/sharp-linux-x64@0.34.1": {
      "integrity": "sha512-wExv7SH9nmoBW3Wr2gvQopX1k8q2g5V5Iag8Zk6AVENsjwd+3adjwxtp3Dcu2QhOXr8W9NusBU6XcQUohBZ5MA==",
      "dependencies": [
        "@img/sharp-libvips-linux-x64"
      ]
    },
    "@img/sharp-linuxmusl-arm64@0.34.1": {
      "integrity": "sha512-DfvyxzHxw4WGdPiTF0SOHnm11Xv4aQexvqhRDAoD00MzHekAj9a/jADXeXYCDFH/DzYruwHbXU7uz+H+nWmSOQ==",
      "dependencies": [
        "@img/sharp-libvips-linuxmusl-arm64"
      ]
    },
    "@img/sharp-linuxmusl-x64@0.34.1": {
      "integrity": "sha512-pax/kTR407vNb9qaSIiWVnQplPcGU8LRIJpDT5o8PdAx5aAA7AS3X9PS8Isw1/WfqgQorPotjrZL3Pqh6C5EBg==",
      "dependencies": [
        "@img/sharp-libvips-linuxmusl-x64"
      ]
    },
    "@img/sharp-wasm32@0.34.1": {
      "integrity": "sha512-YDybQnYrLQfEpzGOQe7OKcyLUCML4YOXl428gOOzBgN6Gw0rv8dpsJ7PqTHxBnXnwXr8S1mYFSLSa727tpz0xg==",
      "dependencies": [
        "@emnapi/runtime"
      ]
    },
    "@img/sharp-win32-ia32@0.34.1": {
      "integrity": "sha512-WKf/NAZITnonBf3U1LfdjoMgNO5JYRSlhovhRhMxXVdvWYveM4kM3L8m35onYIdh75cOMCo1BexgVQcCDzyoWw=="
    },
    "@img/sharp-win32-x64@0.34.1": {
      "integrity": "sha512-hw1iIAHpNE8q3uMIRCgGOeDoz9KtFNarFLQclLxr/LK1VBkj8nby18RjFvr6aP7USRYAjTZW6yisnBWMX571Tw=="
    },
    "@skyware/bot@0.3.11_@atcute+client@2.0.9_@atcute+bluesky@1.0.15__@atcute+client@2.0.9": {
      "integrity": "sha512-fG4uvD/3+ynlQPRHv6pz4kk+5fbDNJYTORbLXwmlwWAzJ7FSBkahG1NeK2M+hqIYBVqdzAI5QqcM17fwJXeZeQ==",
      "dependencies": [
        "@atcute/bluesky",
        "@atcute/bluesky-richtext-builder",
        "@atcute/client",
        "@atcute/ozone",
        "@skyware/firehose",
        "@skyware/jetstream",
        "quick-lru",
        "rate-limit-threshold"
      ]
    },
    "@skyware/firehose@0.3.2": {
      "integrity": "sha512-CmRaw3lFPEd9euFGV+K/n/TF/o0Rre87oJP5pswC8IExj/qQnWVoncIulAJbL3keUCm5mlt49jCiiqfQXVjigg==",
      "dependencies": [
        "@atcute/car",
        "@atcute/cbor",
        "ws"
      ]
    },
    "@skyware/jetstream@0.1.9_@atcute+client@2.0.9": {
      "integrity": "sha512-87NGqRSmEYmvEuVY0DKZ2ZRbL72tExtDuV+PDvywYqukSp3F/it+9wnU5Xb/Is/pf+KSbd6lWvrnE31HgxJpJg==",
      "dependencies": [
        "@atcute/bluesky",
        "partysocket"
      ]
    },
    "@types/luxon@3.6.2": {
      "integrity": "sha512-R/BdP7OxEMc44l2Ex5lSXHoIXTB2JLNa3y2QISIbr58U/YcsffyQrYW//hZSdrfxrjRZj3GcUoxMPGdO8gSYuw=="
    },
    "await-lock@2.2.2": {
      "integrity": "sha512-aDczADvlvTGajTDjcjpJMqRkOF6Qdz3YbPZm/PyW6tKPkx2hlYBzxMhEywM/tU72HrVZjgl5VCdRuMlA7pZ8Gw=="
    },
    "color-convert@2.0.1": {
      "integrity": "sha512-RRECPsj7iu/xb5oKYcsFHSppFNnsj/52OVTRKb4zP5onXwVF3zVmmToNcOfGC+CRDpfK/U584fMg38ZHCaElKQ==",
      "dependencies": [
        "color-name"
      ]
    },
    "color-name@1.1.4": {
      "integrity": "sha512-dOy+3AuW3a2wNbZHIuMZpTcgjGuLU/uBL/ubcZF9OXbDo8ff4O8yVp5Bf0efS8uEoYo5q4Fx7dY9OgQGXgAsQA=="
    },
    "color-string@1.9.1": {
      "integrity": "sha512-shrVawQFojnZv6xM40anx4CkoDP+fZsw/ZerEMsW/pyzsRbElpsL/DBVW7q3ExxwusdNXI3lXpuhEZkzs8p5Eg==",
      "dependencies": [
        "color-name",
        "simple-swizzle"
      ]
    },
    "color@4.2.3": {
      "integrity": "sha512-1rXeuUUiGGrykh+CeBdu5Ie7OJwinCgQY0bc7GCRxy5xVHy+moaqkpL/jqQq0MtQOeYcrqEz4abc5f0KtU7W4A==",
      "dependencies": [
        "color-convert",
        "color-string"
      ]
    },
    "cron@4.3.0": {
      "integrity": "sha512-ciiYNLfSlF9MrDqnbMdRWFiA6oizSF7kA1osPP9lRzNu0Uu+AWog1UKy7SkckiDY2irrNjeO6qLyKnXC8oxmrw==",
      "dependencies": [
        "@types/luxon",
        "luxon"
      ]
    },
    "detect-libc@2.0.4": {
      "integrity": "sha512-3UDv+G9CsCKO1WKMGw9fwq/SWJYbI0c5Y7LU1AXYoDdbhE2AHQ6N6Nb34sG8Fj7T5APy8qXDCKuuIHd1BR0tVA=="
    },
    "dotenv@16.5.0": {
      "integrity": "sha512-m/C+AwOAr9/W1UOIZUo232ejMNnJAJtYQjUbHoNTBNTJSvqzzDh7vnrei3o3r3m9blf6ZoDkvcw0VmozNRFJxg=="
    },
    "event-target-polyfill@0.0.4": {
      "integrity": "sha512-Gs6RLjzlLRdT8X9ZipJdIZI/Y6/HhRLyq9RdDlCsnpxr/+Nn6bU2EFGuC94GjxqhM+Nmij2Vcq98yoHrU8uNFQ=="
    },
    "graphemer@1.4.0": {
      "integrity": "sha512-EtKwoO6kxCL9WO5xipiHTZlSzBm7WLT627TqC/uVRd0HKmq8NXyebnNYxDoBi7wt8eTWrUrKXCOVaFq9x1kgag=="
    },
    "is-arrayish@0.3.2": {
      "integrity": "sha512-eVRqCvVlZbuw3GrM63ovNSNAeA1K16kaR/LRY/92w0zxQ5/1YzwblUX652i4Xs9RwAGjW9d9y6X88t8OaAJfWQ=="
    },
    "iso-datestring-validator@2.2.2": {
      "integrity": "sha512-yLEMkBbLZTlVQqOnQ4FiMujR6T4DEcCb1xizmvXS+OxuhwcbtynoosRzdMA69zZCShCNAbi+gJ71FxZBBXx1SA=="
    },
    "luxon@3.6.1": {
      "integrity": "sha512-tJLxrKJhO2ukZ5z0gyjY1zPh3Rh88Ej9P7jNrZiHMUXHae1yvI2imgOZtL1TO8TW6biMMKfTtAOoEJANgtWBMQ=="
    },
    "multiformats@9.9.0": {
      "integrity": "sha512-HoMUjhH9T8DDBNT+6xzkrd9ga/XiBI4xLr58LJACwK6G3HTOPeMz4nB4KJs33L2BelrIJa7P0VuNaVF3hMYfjg=="
    },
    "partysocket@1.1.3": {
      "integrity": "sha512-87Jd/nqPoWnVfzHE6Z12WLWTJ+TAgxs0b7i2S163HfQSrVDUK5tW/FC64T5N8L5ss+gqF+EV0BwjZMWggMY3UA==",
      "dependencies": [
        "event-target-polyfill"
      ]
    },
    "quick-lru@7.0.1": {
      "integrity": "sha512-kLjThirJMkWKutUKbZ8ViqFc09tDQhlbQo2MNuVeLWbRauqYP96Sm6nzlQ24F0HFjUNZ4i9+AgldJ9H6DZXi7g=="
    },
    "rate-limit-threshold@0.1.5": {
      "integrity": "sha512-75vpvXC/ZqQJrFDp0dVtfoXZi8kxQP2eBuxVYFvGDfnHhcgE+ZG870u4ItQhWQh54Y6nNwOaaq5g3AL9n27lTg=="
    },
    "semver@7.7.1": {
      "integrity": "sha512-hlq8tAfn0m/61p4BVRcPzIGr6LKiMwo4VM6dGi6pt4qcRkmNzTcWq6eCEjEh+qXjkMDvPlOFFSGwQjoEa6gyMA=="
    },
    "sharp@0.34.1": {
      "integrity": "sha512-1j0w61+eVxu7DawFJtnfYcvSv6qPFvfTaqzTQ2BLknVhHTwGS8sc63ZBF4rzkWMBVKybo4S5OBtDdZahh2A1xg==",
      "dependencies": [
        "@img/sharp-darwin-arm64",
        "@img/sharp-darwin-x64",
        "@img/sharp-libvips-darwin-arm64",
        "@img/sharp-libvips-darwin-x64",
        "@img/sharp-libvips-linux-arm",
        "@img/sharp-libvips-linux-arm64",
        "@img/sharp-libvips-linux-ppc64",
        "@img/sharp-libvips-linux-s390x",
        "@img/sharp-libvips-linux-x64",
        "@img/sharp-libvips-linuxmusl-arm64",
        "@img/sharp-libvips-linuxmusl-x64",
        "@img/sharp-linux-arm",
        "@img/sharp-linux-arm64",
        "@img/sharp-linux-s390x",
        "@img/sharp-linux-x64",
        "@img/sharp-linuxmusl-arm64",
        "@img/sharp-linuxmusl-x64",
        "@img/sharp-wasm32",
        "@img/sharp-win32-ia32",
        "@img/sharp-win32-x64",
        "color",
        "detect-libc",
        "semver"
      ]
    },
    "simple-swizzle@0.2.2": {
      "integrity": "sha512-JA//kQgZtbuY83m+xT+tXJkmJncGMTFT+C+g2h2R9uxkYIrE2yy9sgmcLhCnw57/WSD+Eh3J97FPEDFnbXnDUg==",
      "dependencies": [
        "is-arrayish"
      ]
    },
    "tlds@1.258.0": {
      "integrity": "sha512-XGhStWuOlBA5D8QnyN2xtgB2cUOdJ3ztisne1DYVWMcVH29qh8eQIpRmP3HnuJLdgyzG0HpdGzRMu1lm/Oictw=="
    },
    "tslib@2.8.1": {
      "integrity": "sha512-oJFu94HQb+KVduSUQL7wnpmqnfmLsOA/nAh6b6EH0wCEoK0/mPeXU6c3wKDV83MkOuHPRHtSXKKU99IBazS/2w=="
    },
    "uint8arrays@3.0.0": {
      "integrity": "sha512-HRCx0q6O9Bfbp+HHSfQQKD7wU70+lydKVt4EghkdOvlK/NlrF90z+eXV34mUd48rNvVJXwkrMSPpCATkct8fJA==",
      "dependencies": [
        "multiformats"
      ]
    },
    "ws@8.18.2": {
      "integrity": "sha512-DMricUmwGZUVr++AEAe2uiVM7UoO9MAVZMDu05UQOaUII0lp+zOzLLU4Xqh/JvTqklB1T4uELaaPBKyjE1r4fQ=="
    },
    "zod@3.24.4": {
      "integrity": "sha512-OdqJE9UDRPwWsrHjLN2F8bPxvwJBK22EHLWtanu0LSYr5YqzsaaW3RMgmjwr8Rypg5k+meEJdSPXJZXE/yqOMg=="
    }
  },
  "workspace": {
    "dependencies": [
      "jsr:@std/assert@1",
      "npm:@atproto/api@~0.15.5",
      "npm:@skyware/bot@~0.3.11",
      "npm:cron@^4.3.0",
      "npm:dotenv@^16.5.0",
      "npm:sharp@~0.34.1"
    ]
  }
}
